{
    "hash": "943c9446a5b833560b14d0822e24761c",
    "packages": [
        {
            "package": "krizon/php-w3c-ddr-simple-api",
            "version": "dev-master",
            "source-reference": "f54dad04b39f470e89d8a4faabdd1c93192ecf61",
            "commit-date": "1341601839"
        }
    ],
    "packages-dev": null,
    "aliases": [

    ],
    "minimum-stability": "stable",
    "stability-flags": {
        "krizon/php-w3c-ddr-simple-api": 20
    }
}
